
Microsoft Visual Studio Solution File, Format Version 12.00
# Visual Studio Version 17
VisualStudioVersion = 17.14.36127.28
MinimumVisualStudioVersion = 10.0.40219.1
Project("{FAE04EC0-301F-11D3-BF4B-00C04F79EFBC}") = "GoHijauBackend.Api", "GoHijauBackend\GoHijauBackend.Api.csproj", "{6059D871-92BB-48C0-BE69-3F807D74165D}"
EndProject
Project("{FAE04EC0-301F-11D3-BF4B-00C04F79EFBC}") = "GoHijauBackend.Application", "GoHijauBackend.Application\GoHijauBackend.Application.csproj", "{29443AD9-9ADB-490D-B8BD-3560D7047A0F}"
EndProject
Project("{FAE04EC0-301F-11D3-BF4B-00C04F79EFBC}") = "GoHijauBackend.Domain", "GoHijauBackend.Domain\GoHijauBackend.Domain.csproj", "{909AB2D8-A755-42F7-8F2B-902096B0555C}"
EndProject
Project("{FAE04EC0-301F-11D3-BF4B-00C04F79EFBC}") = "GoHijauBackend.Infrastructure", "GoHijauBackend.Infrastructure\GoHijauBackend.Infrastructure.csproj", "{7AACE655-1EAE-44FB-B621-DB50C1524592}"
EndProject
Global
	GlobalSection(SolutionConfigurationPlatforms) = preSolution
		Debug|Any CPU = Debug|Any CPU
		Release|Any CPU = Release|Any CPU
	EndGlobalSection
	GlobalSection(ProjectConfigurationPlatforms) = postSolution
		{6059D871-92BB-48C0-BE69-3F807D74165D}.Debug|Any CPU.ActiveCfg = Debug|Any CPU
		{6059D871-92BB-48C0-BE69-3F807D74165D}.Debug|Any CPU.Build.0 = Debug|Any CPU
		{6059D871-92BB-48C0-BE69-3F807D74165D}.Release|Any CPU.ActiveCfg = Release|Any CPU
		{6059D871-92BB-48C0-BE69-3F807D74165D}.Release|Any CPU.Build.0 = Release|Any CPU
		{29443AD9-9ADB-490D-B8BD-3560D7047A0F}.Debug|Any CPU.ActiveCfg = Debug|Any CPU
		{29443AD9-9ADB-490D-B8BD-3560D7047A0F}.Debug|Any CPU.Build.0 = Debug|Any CPU
		{29443AD9-9ADB-490D-B8BD-3560D7047A0F}.Release|Any CPU.ActiveCfg = Release|Any CPU
		{29443AD9-9ADB-490D-B8BD-3560D7047A0F}.Release|Any CPU.Build.0 = Release|Any CPU
		{909AB2D8-A755-42F7-8F2B-902096B0555C}.Debug|Any CPU.ActiveCfg = Debug|Any CPU
		{909AB2D8-A755-42F7-8F2B-902096B0555C}.Debug|Any CPU.Build.0 = Debug|Any CPU
		{909AB2D8-A755-42F7-8F2B-902096B0555C}.Release|Any CPU.ActiveCfg = Release|Any CPU
		{909AB2D8-A755-42F7-8F2B-902096B0555C}.Release|Any CPU.Build.0 = Release|Any CPU
		{7AACE655-1EAE-44FB-B621-DB50C1524592}.Debug|Any CPU.ActiveCfg = Debug|Any CPU
		{7AACE655-1EAE-44FB-B621-DB50C1524592}.Debug|Any CPU.Build.0 = Debug|Any CPU
		{7AACE655-1EAE-44FB-B621-DB50C1524592}.Release|Any CPU.ActiveCfg = Release|Any CPU
		{7AACE655-1EAE-44FB-B621-DB50C1524592}.Release|Any CPU.Build.0 = Release|Any CPU
	EndGlobalSection
	GlobalSection(SolutionProperties) = preSolution
		HideSolutionNode = FALSE
	EndGlobalSection
	GlobalSection(ExtensibilityGlobals) = postSolution
		SolutionGuid = {0C725E14-04A2-4774-9E82-C00BA032E924}
	EndGlobalSection
EndGlobal
